
Microsoft Visual Studio Solution File, Format Version 12.00
# Visual Studio Version 16
VisualStudioVersion = 16.0.29215.179
MinimumVisualStudioVersion = 10.0.40219.1
Project("{9A19103F-16F7-4668-BE54-9A1E7A4F7556}") = "Generate-Lowest-Number", "Generate-Lowest-Number.csproj", "{D2AE690A-8063-49CE-9267-41431E1A4531}"
EndProject
Global
	GlobalSection(SolutionConfigurationPlatforms) = preSolution
		Debug|Any CPU = Debug|Any CPU
		Release|Any CPU = Release|Any CPU
	EndGlobalSection
	GlobalSection(ProjectConfigurationPlatforms) = postSolution
		{D2AE690A-8063-49CE-9267-41431E1A4531}.Debug|Any CPU.ActiveCfg = Debug|Any CPU
		{D2AE690A-8063-49CE-9267-41431E1A4531}.Debug|Any CPU.Build.0 = Debug|Any CPU
		{D2AE690A-8063-49CE-9267-41431E1A4531}.Release|Any CPU.ActiveCfg = Release|Any CPU
		{D2AE690A-8063-49CE-9267-41431E1A4531}.Release|Any CPU.Build.0 = Release|Any CPU
	EndGlobalSection
	GlobalSection(SolutionProperties) = preSolution
		HideSolutionNode = FALSE
	EndGlobalSection
	GlobalSection(ExtensibilityGlobals) = postSolution
		SolutionGuid = {E9E93CBA-9512-4D7E-8FFA-403A1F2FB811}
	EndGlobalSection
EndGlobal
